
Microsoft Visual Studio Solution File, Format Version 12.00
# Visual Studio Version 17
VisualStudioVersion = 17.11.35303.130
MinimumVisualStudioVersion = 10.0.40219.1
Project("{2150E333-8FDC-42A3-9474-1A3956D46DE8}") = "Task0", "Task0", "{C4715AC3-419A-4A68-BCEC-1A4DC7D123E0}"
EndProject
Project("{9A19103F-16F7-4668-BE54-9A1E7A4F7556}") = "Tyuiu.SinitsinDV.Sprint5.Task0.V12", "Tyuiu.SinitsinDV.Sprint5.Task0.V12\Tyuiu.SinitsinDV.Sprint5.Task0.V12.csproj", "{CE870E15-99E6-48CA-AC72-17EBA3F799F7}"
EndProject
Project("{9A19103F-16F7-4668-BE54-9A1E7A4F7556}") = "Tyuiu.SinitsinDV.Sprint5.Task0.V12.Lib", "Tyuiu.SinitsinDV.Sprint5.Task0.V12.Lib\Tyuiu.SinitsinDV.Sprint5.Task0.V12.Lib.csproj", "{3781E0E7-A7E8-4809-A53E-3BC2952BEEB8}"
EndProject
Project("{9A19103F-16F7-4668-BE54-9A1E7A4F7556}") = "Tyuiu.SinitsinDV.Sprint5.Task0.V12.Test", "Tyuiu.SinitsinDV.Sprint5.Task0.V12.Test\Tyuiu.SinitsinDV.Sprint5.Task0.V12.Test.csproj", "{E382B295-C72B-455A-9FFF-76B97385F95C}"
EndProject
Project("{2150E333-8FDC-42A3-9474-1A3956D46DE8}") = "Task1", "Task1", "{BD777D16-AC71-4CC6-8B25-8C4AE2D42D6E}"
EndProject
Project("{9A19103F-16F7-4668-BE54-9A1E7A4F7556}") = "Tyuiu.SinitsinDV.Sprint5.Task1.V18", "Tyuiu.SinitsinDV.Sprint5.Task1.V18\Tyuiu.SinitsinDV.Sprint5.Task1.V18.csproj", "{A0CAB6AE-2650-4C80-9790-C6DF179F16AB}"
EndProject
Project("{9A19103F-16F7-4668-BE54-9A1E7A4F7556}") = "Tyuiu.SinitsinDV.Sprint5.Task1.V18.Lib", "Tyuiu.SinitsinDV.Sprint5.Task1.V18.Lib\Tyuiu.SinitsinDV.Sprint5.Task1.V18.Lib.csproj", "{6CDC5B31-FE84-4DE6-ACC8-D27EEADEDD8A}"
EndProject
Project("{9A19103F-16F7-4668-BE54-9A1E7A4F7556}") = "Tyuiu.SinitsinDV.Sprint5.Task1.V18.Test", "Tyuiu.SinitsinDV.Sprint5.Task1.V18.Test\Tyuiu.SinitsinDV.Sprint5.Task1.V18.Test.csproj", "{47521730-B9C9-423B-9CA0-245297B98345}"
EndProject
Project("{2150E333-8FDC-42A3-9474-1A3956D46DE8}") = "Task2", "Task2", "{D1585A03-9A6B-4E2D-A3B3-49CA1B44D514}"
EndProject
Project("{9A19103F-16F7-4668-BE54-9A1E7A4F7556}") = "Tyuiu.SinitsinDV.Sprint5.Task2.V29", "Tyuiu.SinitsinDV.Sprint5.Task2.V29\Tyuiu.SinitsinDV.Sprint5.Task2.V29.csproj", "{5F5AD53A-936D-456C-8F2A-E25E147C0811}"
EndProject
Project("{9A19103F-16F7-4668-BE54-9A1E7A4F7556}") = "Tyuiu.SinitsinDV.Sprint5.Task2.V29.Lib", "Tyuiu.SinitsinDV.Sprint5.Task2.V29.Lib\Tyuiu.SinitsinDV.Sprint5.Task2.V29.Lib.csproj", "{825B841B-4123-44CE-8CD3-BD49283FD3DE}"
EndProject
Project("{9A19103F-16F7-4668-BE54-9A1E7A4F7556}") = "Tyuiu.SinitsinDV.Sprint5.Task2.V29.Test", "Tyuiu.SinitsinDV.Sprint5.Task2.V29.Test\Tyuiu.SinitsinDV.Sprint5.Task2.V29.Test.csproj", "{DCFA8B94-672E-4DBF-ACC4-2BEE15193A0E}"
EndProject
Project("{2150E333-8FDC-42A3-9474-1A3956D46DE8}") = "Task3", "Task3", "{585E0143-F922-4934-8052-23696AF04A31}"
EndProject
Project("{9A19103F-16F7-4668-BE54-9A1E7A4F7556}") = "Tyuiu.SinitsinDV.Sprint5.Task3.V1", "Tyuiu.SinitsinDV.Sprint5.Task3.V1\Tyuiu.SinitsinDV.Sprint5.Task3.V1.csproj", "{B1AF8DCE-445B-4E0E-822F-CCEB7CC68FF6}"
EndProject
Project("{9A19103F-16F7-4668-BE54-9A1E7A4F7556}") = "Tyuiu.SinitsinDV.Sprint5.Task3.V1.Lib", "Tyuiu.SinitsinDV.Sprint5.Task3.V1.Lib\Tyuiu.SinitsinDV.Sprint5.Task3.V1.Lib.csproj", "{050D43B3-8404-48D6-9358-B40B2001E781}"
EndProject
Project("{9A19103F-16F7-4668-BE54-9A1E7A4F7556}") = "Tyuiu.SinitsinDV.Sprint5.Task3.V1.Test", "Tyuiu.SinitsinDV.Sprint5.Task3.V1.Test\Tyuiu.SinitsinDV.Sprint5.Task3.V1.Test.csproj", "{22CDE9B5-D359-427C-9B10-AE1490DF8C5D}"
EndProject
Project("{2150E333-8FDC-42A3-9474-1A3956D46DE8}") = "Task4", "Task4", "{BCD93C5A-8534-4ED5-AEC7-9B4845C1C40D}"
EndProject
Project("{9A19103F-16F7-4668-BE54-9A1E7A4F7556}") = "Tyuiu.SinitsinDV.Sprint5.Task4.V5", "Tyuiu.SinitsinDV.Sprint5.Task4.V5\Tyuiu.SinitsinDV.Sprint5.Task4.V5.csproj", "{58E56C61-5403-4BE1-9F72-20EAB458F87B}"
EndProject
Project("{9A19103F-16F7-4668-BE54-9A1E7A4F7556}") = "Tyuiu.SinitsinDV.Sprint5.Task4.V5.Lib", "Tyuiu.SinitsinDV.Sprint5.Task4.V5.Lib\Tyuiu.SinitsinDV.Sprint5.Task4.V5.Lib.csproj", "{F60920D7-776A-4EDB-B1E5-4E1CEAC20D83}"
EndProject
Project("{9A19103F-16F7-4668-BE54-9A1E7A4F7556}") = "Tyuiu.SinitsinDV.Sprint5.Task4.V5.Test", "Tyuiu.SinitsinDV.Sprint5.Task4.V5.Test\Tyuiu.SinitsinDV.Sprint5.Task4.V5.Test.csproj", "{63526AE4-1F13-4741-AC71-978829AA1503}"
EndProject
Project("{9A19103F-16F7-4668-BE54-9A1E7A4F7556}") = "Tyuiu.SinitsinDV.Sprint5.Task5.V12", "Tyuiu.SinitsinDV.Sprint5.Task5.V12\Tyuiu.SinitsinDV.Sprint5.Task5.V12.csproj", "{32ECAA0E-E204-4B38-9F14-3B75B4DA3B62}"
EndProject
Project("{2150E333-8FDC-42A3-9474-1A3956D46DE8}") = "Task5", "Task5", "{5EE9F13E-9B7D-48E7-9F6B-5885767EBC16}"
EndProject
Project("{9A19103F-16F7-4668-BE54-9A1E7A4F7556}") = "Tyuiu.SinitsinDV.Sprint5.Task5.V12.Lib", "Tyuiu.SinitsinDV.Sprint5.Task5.V12.Lib\Tyuiu.SinitsinDV.Sprint5.Task5.V12.Lib.csproj", "{6418F09C-E72D-44B2-8898-0234CD2F0EA5}"
EndProject
Project("{9A19103F-16F7-4668-BE54-9A1E7A4F7556}") = "Tyuiu.SinitsinDV.Sprint5.Task5.V12.Test", "Tyuiu.SinitsinDV.Sprint5.Task5.V12.Test\Tyuiu.SinitsinDV.Sprint5.Task5.V12.Test.csproj", "{547633B0-996A-47ED-A0B9-5C6D5D7AC39C}"
EndProject
Project("{FAE04EC0-301F-11D3-BF4B-00C04F79EFBC}") = "ddd", "ddd\ddd.csproj", "{472D279D-D646-45BE-84C7-A0218982CBFA}"
EndProject
Global
	GlobalSection(SolutionConfigurationPlatforms) = preSolution
		Debug|Any CPU = Debug|Any CPU
		Release|Any CPU = Release|Any CPU
	EndGlobalSection
	GlobalSection(ProjectConfigurationPlatforms) = postSolution
		{CE870E15-99E6-48CA-AC72-17EBA3F799F7}.Debug|Any CPU.ActiveCfg = Debug|Any CPU
		{CE870E15-99E6-48CA-AC72-17EBA3F799F7}.Debug|Any CPU.Build.0 = Debug|Any CPU
		{CE870E15-99E6-48CA-AC72-17EBA3F799F7}.Release|Any CPU.ActiveCfg = Release|Any CPU
		{CE870E15-99E6-48CA-AC72-17EBA3F799F7}.Release|Any CPU.Build.0 = Release|Any CPU
		{3781E0E7-A7E8-4809-A53E-3BC2952BEEB8}.Debug|Any CPU.ActiveCfg = Debug|Any CPU
		{3781E0E7-A7E8-4809-A53E-3BC2952BEEB8}.Debug|Any CPU.Build.0 = Debug|Any CPU
		{3781E0E7-A7E8-4809-A53E-3BC2952BEEB8}.Release|Any CPU.ActiveCfg = Release|Any CPU
		{3781E0E7-A7E8-4809-A53E-3BC2952BEEB8}.Release|Any CPU.Build.0 = Release|Any CPU
		{E382B295-C72B-455A-9FFF-76B97385F95C}.Debug|Any CPU.ActiveCfg = Debug|Any CPU
		{E382B295-C72B-455A-9FFF-76B97385F95C}.Debug|Any CPU.Build.0 = Debug|Any CPU
		{E382B295-C72B-455A-9FFF-76B97385F95C}.Release|Any CPU.ActiveCfg = Release|Any CPU
		{E382B295-C72B-455A-9FFF-76B97385F95C}.Release|Any CPU.Build.0 = Release|Any CPU
		{A0CAB6AE-2650-4C80-9790-C6DF179F16AB}.Debug|Any CPU.ActiveCfg = Debug|Any CPU
		{A0CAB6AE-2650-4C80-9790-C6DF179F16AB}.Debug|Any CPU.Build.0 = Debug|Any CPU
		{A0CAB6AE-2650-4C80-9790-C6DF179F16AB}.Release|Any CPU.ActiveCfg = Release|Any CPU
		{A0CAB6AE-2650-4C80-9790-C6DF179F16AB}.Release|Any CPU.Build.0 = Release|Any CPU
		{6CDC5B31-FE84-4DE6-ACC8-D27EEADEDD8A}.Debug|Any CPU.ActiveCfg = Debug|Any CPU
		{6CDC5B31-FE84-4DE6-ACC8-D27EEADEDD8A}.Debug|Any CPU.Build.0 = Debug|Any CPU
		{6CDC5B31-FE84-4DE6-ACC8-D27EEADEDD8A}.Release|Any CPU.ActiveCfg = Release|Any CPU
		{6CDC5B31-FE84-4DE6-ACC8-D27EEADEDD8A}.Release|Any CPU.Build.0 = Release|Any CPU
		{47521730-B9C9-423B-9CA0-245297B98345}.Debug|Any CPU.ActiveCfg = Debug|Any CPU
		{47521730-B9C9-423B-9CA0-245297B98345}.Debug|Any CPU.Build.0 = Debug|Any CPU
		{47521730-B9C9-423B-9CA0-245297B98345}.Release|Any CPU.ActiveCfg = Release|Any CPU
		{47521730-B9C9-423B-9CA0-245297B98345}.Release|Any CPU.Build.0 = Release|Any CPU
		{5F5AD53A-936D-456C-8F2A-E25E147C0811}.Debug|Any CPU.ActiveCfg = Debug|Any CPU
		{5F5AD53A-936D-456C-8F2A-E25E147C0811}.Debug|Any CPU.Build.0 = Debug|Any CPU
		{5F5AD53A-936D-456C-8F2A-E25E147C0811}.Release|Any CPU.ActiveCfg = Release|Any CPU
		{5F5AD53A-936D-456C-8F2A-E25E147C0811}.Release|Any CPU.Build.0 = Release|Any CPU
		{825B841B-4123-44CE-8CD3-BD49283FD3DE}.Debug|Any CPU.ActiveCfg = Debug|Any CPU
		{825B841B-4123-44CE-8CD3-BD49283FD3DE}.Debug|Any CPU.Build.0 = Debug|Any CPU
		{825B841B-4123-44CE-8CD3-BD49283FD3DE}.Release|Any CPU.ActiveCfg = Release|Any CPU
		{825B841B-4123-44CE-8CD3-BD49283FD3DE}.Release|Any CPU.Build.0 = Release|Any CPU
		{DCFA8B94-672E-4DBF-ACC4-2BEE15193A0E}.Debug|Any CPU.ActiveCfg = Debug|Any CPU
		{DCFA8B94-672E-4DBF-ACC4-2BEE15193A0E}.Debug|Any CPU.Build.0 = Debug|Any CPU
		{DCFA8B94-672E-4DBF-ACC4-2BEE15193A0E}.Release|Any CPU.ActiveCfg = Release|Any CPU
		{DCFA8B94-672E-4DBF-ACC4-2BEE15193A0E}.Release|Any CPU.Build.0 = Release|Any CPU
		{B1AF8DCE-445B-4E0E-822F-CCEB7CC68FF6}.Debug|Any CPU.ActiveCfg = Debug|Any CPU
		{B1AF8DCE-445B-4E0E-822F-CCEB7CC68FF6}.Debug|Any CPU.Build.0 = Debug|Any CPU
		{B1AF8DCE-445B-4E0E-822F-CCEB7CC68FF6}.Release|Any CPU.ActiveCfg = Release|Any CPU
		{B1AF8DCE-445B-4E0E-822F-CCEB7CC68FF6}.Release|Any CPU.Build.0 = Release|Any CPU
		{050D43B3-8404-48D6-9358-B40B2001E781}.Debug|Any CPU.ActiveCfg = Debug|Any CPU
		{050D43B3-8404-48D6-9358-B40B2001E781}.Debug|Any CPU.Build.0 = Debug|Any CPU
		{050D43B3-8404-48D6-9358-B40B2001E781}.Release|Any CPU.ActiveCfg = Release|Any CPU
		{050D43B3-8404-48D6-9358-B40B2001E781}.Release|Any CPU.Build.0 = Release|Any CPU
		{22CDE9B5-D359-427C-9B10-AE1490DF8C5D}.Debug|Any CPU.ActiveCfg = Debug|Any CPU
		{22CDE9B5-D359-427C-9B10-AE1490DF8C5D}.Debug|Any CPU.Build.0 = Debug|Any CPU
		{22CDE9B5-D359-427C-9B10-AE1490DF8C5D}.Release|Any CPU.ActiveCfg = Release|Any CPU
		{22CDE9B5-D359-427C-9B10-AE1490DF8C5D}.Release|Any CPU.Build.0 = Release|Any CPU
		{58E56C61-5403-4BE1-9F72-20EAB458F87B}.Debug|Any CPU.ActiveCfg = Debug|Any CPU
		{58E56C61-5403-4BE1-9F72-20EAB458F87B}.Debug|Any CPU.Build.0 = Debug|Any CPU
		{58E56C61-5403-4BE1-9F72-20EAB458F87B}.Release|Any CPU.ActiveCfg = Release|Any CPU
		{58E56C61-5403-4BE1-9F72-20EAB458F87B}.Release|Any CPU.Build.0 = Release|Any CPU
		{F60920D7-776A-4EDB-B1E5-4E1CEAC20D83}.Debug|Any CPU.ActiveCfg = Debug|Any CPU
		{F60920D7-776A-4EDB-B1E5-4E1CEAC20D83}.Debug|Any CPU.Build.0 = Debug|Any CPU
		{F60920D7-776A-4EDB-B1E5-4E1CEAC20D83}.Release|Any CPU.ActiveCfg = Release|Any CPU
		{F60920D7-776A-4EDB-B1E5-4E1CEAC20D83}.Release|Any CPU.Build.0 = Release|Any CPU
		{63526AE4-1F13-4741-AC71-978829AA1503}.Debug|Any CPU.ActiveCfg = Debug|Any CPU
		{63526AE4-1F13-4741-AC71-978829AA1503}.Debug|Any CPU.Build.0 = Debug|Any CPU
		{63526AE4-1F13-4741-AC71-978829AA1503}.Release|Any CPU.ActiveCfg = Release|Any CPU
		{63526AE4-1F13-4741-AC71-978829AA1503}.Release|Any CPU.Build.0 = Release|Any CPU
		{32ECAA0E-E204-4B38-9F14-3B75B4DA3B62}.Debug|Any CPU.ActiveCfg = Debug|Any CPU
		{32ECAA0E-E204-4B38-9F14-3B75B4DA3B62}.Debug|Any CPU.Build.0 = Debug|Any CPU
		{32ECAA0E-E204-4B38-9F14-3B75B4DA3B62}.Release|Any CPU.ActiveCfg = Release|Any CPU
		{32ECAA0E-E204-4B38-9F14-3B75B4DA3B62}.Release|Any CPU.Build.0 = Release|Any CPU
		{6418F09C-E72D-44B2-8898-0234CD2F0EA5}.Debug|Any CPU.ActiveCfg = Debug|Any CPU
		{6418F09C-E72D-44B2-8898-0234CD2F0EA5}.Debug|Any CPU.Build.0 = Debug|Any CPU
		{6418F09C-E72D-44B2-8898-0234CD2F0EA5}.Release|Any CPU.ActiveCfg = Release|Any CPU
		{6418F09C-E72D-44B2-8898-0234CD2F0EA5}.Release|Any CPU.Build.0 = Release|Any CPU
		{547633B0-996A-47ED-A0B9-5C6D5D7AC39C}.Debug|Any CPU.ActiveCfg = Debug|Any CPU
		{547633B0-996A-47ED-A0B9-5C6D5D7AC39C}.Debug|Any CPU.Build.0 = Debug|Any CPU
		{547633B0-996A-47ED-A0B9-5C6D5D7AC39C}.Release|Any CPU.ActiveCfg = Release|Any CPU
		{547633B0-996A-47ED-A0B9-5C6D5D7AC39C}.Release|Any CPU.Build.0 = Release|Any CPU
		{472D279D-D646-45BE-84C7-A0218982CBFA}.Debug|Any CPU.ActiveCfg = Debug|Any CPU
		{472D279D-D646-45BE-84C7-A0218982CBFA}.Debug|Any CPU.Build.0 = Debug|Any CPU
		{472D279D-D646-45BE-84C7-A0218982CBFA}.Release|Any CPU.ActiveCfg = Release|Any CPU
		{472D279D-D646-45BE-84C7-A0218982CBFA}.Release|Any CPU.Build.0 = Release|Any CPU
	EndGlobalSection
	GlobalSection(SolutionProperties) = preSolution
		HideSolutionNode = FALSE
	EndGlobalSection
	GlobalSection(NestedProjects) = preSolution
		{CE870E15-99E6-48CA-AC72-17EBA3F799F7} = {C4715AC3-419A-4A68-BCEC-1A4DC7D123E0}
		{3781E0E7-A7E8-4809-A53E-3BC2952BEEB8} = {C4715AC3-419A-4A68-BCEC-1A4DC7D123E0}
		{E382B295-C72B-455A-9FFF-76B97385F95C} = {C4715AC3-419A-4A68-BCEC-1A4DC7D123E0}
		{A0CAB6AE-2650-4C80-9790-C6DF179F16AB} = {BD777D16-AC71-4CC6-8B25-8C4AE2D42D6E}
		{6CDC5B31-FE84-4DE6-ACC8-D27EEADEDD8A} = {BD777D16-AC71-4CC6-8B25-8C4AE2D42D6E}
		{47521730-B9C9-423B-9CA0-245297B98345} = {BD777D16-AC71-4CC6-8B25-8C4AE2D42D6E}
		{5F5AD53A-936D-456C-8F2A-E25E147C0811} = {D1585A03-9A6B-4E2D-A3B3-49CA1B44D514}
		{825B841B-4123-44CE-8CD3-BD49283FD3DE} = {D1585A03-9A6B-4E2D-A3B3-49CA1B44D514}
		{DCFA8B94-672E-4DBF-ACC4-2BEE15193A0E} = {D1585A03-9A6B-4E2D-A3B3-49CA1B44D514}
		{B1AF8DCE-445B-4E0E-822F-CCEB7CC68FF6} = {585E0143-F922-4934-8052-23696AF04A31}
		{050D43B3-8404-48D6-9358-B40B2001E781} = {585E0143-F922-4934-8052-23696AF04A31}
		{22CDE9B5-D359-427C-9B10-AE1490DF8C5D} = {585E0143-F922-4934-8052-23696AF04A31}
		{58E56C61-5403-4BE1-9F72-20EAB458F87B} = {BCD93C5A-8534-4ED5-AEC7-9B4845C1C40D}
		{F60920D7-776A-4EDB-B1E5-4E1CEAC20D83} = {BCD93C5A-8534-4ED5-AEC7-9B4845C1C40D}
		{63526AE4-1F13-4741-AC71-978829AA1503} = {BCD93C5A-8534-4ED5-AEC7-9B4845C1C40D}
		{32ECAA0E-E204-4B38-9F14-3B75B4DA3B62} = {5EE9F13E-9B7D-48E7-9F6B-5885767EBC16}
		{6418F09C-E72D-44B2-8898-0234CD2F0EA5} = {5EE9F13E-9B7D-48E7-9F6B-5885767EBC16}
		{547633B0-996A-47ED-A0B9-5C6D5D7AC39C} = {5EE9F13E-9B7D-48E7-9F6B-5885767EBC16}
	EndGlobalSection
	GlobalSection(ExtensibilityGlobals) = postSolution
		SolutionGuid = {0B6A167D-6A23-4B6A-A442-9F1FAAABA0EA}
	EndGlobalSection
EndGlobal
